
Microsoft Visual Studio Solution File, Format Version 12.00
# Visual Studio Version 17
VisualStudioVersion = 17.1.32210.238
MinimumVisualStudioVersion = 10.0.40219.1
Project("{FAE04EC0-301F-11D3-BF4B-00C04F79EFBC}") = "OOP22-luxor4-CSharp-Candoli-Francesco", "OOP22-luxor4-CSharp-Candoli-Francesco.csproj", "{65CB9CB1-6EF6-4FF1-9EF7-CF2F7778B43D}"
EndProject
Global
	GlobalSection(SolutionConfigurationPlatforms) = preSolution
		Debug|Any CPU = Debug|Any CPU
		Release|Any CPU = Release|Any CPU
	EndGlobalSection
	GlobalSection(ProjectConfigurationPlatforms) = postSolution
		{65CB9CB1-6EF6-4FF1-9EF7-CF2F7778B43D}.Debug|Any CPU.ActiveCfg = Debug|Any CPU
		{65CB9CB1-6EF6-4FF1-9EF7-CF2F7778B43D}.Debug|Any CPU.Build.0 = Debug|Any CPU
		{65CB9CB1-6EF6-4FF1-9EF7-CF2F7778B43D}.Release|Any CPU.ActiveCfg = Release|Any CPU
		{65CB9CB1-6EF6-4FF1-9EF7-CF2F7778B43D}.Release|Any CPU.Build.0 = Release|Any CPU
	EndGlobalSection
	GlobalSection(SolutionProperties) = preSolution
		HideSolutionNode = FALSE
	EndGlobalSection
	GlobalSection(ExtensibilityGlobals) = postSolution
		SolutionGuid = {F0F98E77-6F41-4F1F-90D3-2DC9F6FA032A}
	EndGlobalSection
EndGlobal
